
Microsoft Visual Studio Solution File, Format Version 12.00
# Visual Studio 2012
Project("{FAE04EC0-301F-11D3-BF4B-00C04F79EFBC}") = "ProjectBP", "ProjectBP\ProjectBP.csproj", "{DB07B1B9-48AB-4598-B3F0-2761E54C843F}"
EndProject
Global
	GlobalSection(SolutionConfigurationPlatforms) = preSolution
		Debug|Any CPU = Debug|Any CPU
		Release|Any CPU = Release|Any CPU
	EndGlobalSection
	GlobalSection(ProjectConfigurationPlatforms) = postSolution
		{DB07B1B9-48AB-4598-B3F0-2761E54C843F}.Debug|Any CPU.ActiveCfg = Debug|Any CPU
		{DB07B1B9-48AB-4598-B3F0-2761E54C843F}.Debug|Any CPU.Build.0 = Debug|Any CPU
		{DB07B1B9-48AB-4598-B3F0-2761E54C843F}.Release|Any CPU.ActiveCfg = Release|Any CPU
		{DB07B1B9-48AB-4598-B3F0-2761E54C843F}.Release|Any CPU.Build.0 = Release|Any CPU
	EndGlobalSection
	GlobalSection(SolutionProperties) = preSolution
		HideSolutionNode = FALSE
	EndGlobalSection
EndGlobal
